
Microsoft Visual Studio Solution File, Format Version 12.00
# Visual Studio 15
VisualStudioVersion = 15.0.28010.2046
MinimumVisualStudioVersion = 10.0.40219.1
Project("{888888A0-9F3D-457C-B088-3A5042F75D52}") = "TCPServer", "TCPServer\TCPServer.pyproj", "{6E2A17C0-B9D4-4A98-BA95-D2817F53A759}"
EndProject
Global
	GlobalSection(SolutionConfigurationPlatforms) = preSolution
		Debug|Any CPU = Debug|Any CPU
		Release|Any CPU = Release|Any CPU
	EndGlobalSection
	GlobalSection(ProjectConfigurationPlatforms) = postSolution
		{6E2A17C0-B9D4-4A98-BA95-D2817F53A759}.Debug|Any CPU.ActiveCfg = Debug|Any CPU
		{6E2A17C0-B9D4-4A98-BA95-D2817F53A759}.Release|Any CPU.ActiveCfg = Release|Any CPU
	EndGlobalSection
	GlobalSection(SolutionProperties) = preSolution
		HideSolutionNode = FALSE
	EndGlobalSection
	GlobalSection(ExtensibilityGlobals) = postSolution
		SolutionGuid = {4C572663-0A27-4B29-B5D8-F922FDD9A6D0}
	EndGlobalSection
EndGlobal
